
Microsoft Visual Studio Solution File, Format Version 12.00
# Visual Studio Version 17
VisualStudioVersion = 17.8.34511.84
MinimumVisualStudioVersion = 10.0.40219.1
Project("{FAE04EC0-301F-11D3-BF4B-00C04F79EFBC}") = "Media tr and Cqrs", "Media tr and Cqrs\Media tr and Cqrs.csproj", "{92864624-2D02-4B8B-98B0-D4A6428CFC20}"
EndProject
Global
	GlobalSection(SolutionConfigurationPlatforms) = preSolution
		Debug|Any CPU = Debug|Any CPU
		Release|Any CPU = Release|Any CPU
	EndGlobalSection
	GlobalSection(ProjectConfigurationPlatforms) = postSolution
		{92864624-2D02-4B8B-98B0-D4A6428CFC20}.Debug|Any CPU.ActiveCfg = Debug|Any CPU
		{92864624-2D02-4B8B-98B0-D4A6428CFC20}.Debug|Any CPU.Build.0 = Debug|Any CPU
		{92864624-2D02-4B8B-98B0-D4A6428CFC20}.Release|Any CPU.ActiveCfg = Release|Any CPU
		{92864624-2D02-4B8B-98B0-D4A6428CFC20}.Release|Any CPU.Build.0 = Release|Any CPU
	EndGlobalSection
	GlobalSection(SolutionProperties) = preSolution
		HideSolutionNode = FALSE
	EndGlobalSection
	GlobalSection(ExtensibilityGlobals) = postSolution
		SolutionGuid = {FC22261D-446C-4768-AF94-5A9875A2ED25}
	EndGlobalSection
EndGlobal
